
Microsoft Visual Studio Solution File, Format Version 12.00
# Visual Studio Version 17
VisualStudioVersion = 17.0.32014.148
MinimumVisualStudioVersion = 10.0.40219.1
Project("{9A19103F-16F7-4668-BE54-9A1E7A4F7556}") = "F2.Testing", "F2.Testing\F2.Testing.csproj", "{F3E5744F-8F7E-4B29-8284-260AFDA1927B}"
EndProject
Project("{9A19103F-16F7-4668-BE54-9A1E7A4F7556}") = "F2.Testing.Tests", "F2.Testing.Tests\F2.Testing.Tests.csproj", "{D9AC6B26-0770-4237-865D-FAC44DF10F70}"
EndProject
Project("{9A19103F-16F7-4668-BE54-9A1E7A4F7556}") = "F2.Testing.Demo", "F2.Testing.Demo\F2.Testing.Demo.csproj", "{73670B4B-8A8E-4FF4-8EDF-5CD97620610F}"
EndProject
Project("{2150E333-8FDC-42A3-9474-1A3956D46DE8}") = "Solution Items", "Solution Items", "{0AD6F960-0957-409F-ABB1-66FE642ADE90}"
	ProjectSection(SolutionItems) = preProject
		.editorconfig = .editorconfig
		.github\workflows\nuget.yml = .github\workflows\nuget.yml
		README.md = README.md
	EndProjectSection
EndProject
Global
	GlobalSection(SolutionConfigurationPlatforms) = preSolution
		Debug|Any CPU = Debug|Any CPU
		Release|Any CPU = Release|Any CPU
	EndGlobalSection
	GlobalSection(ProjectConfigurationPlatforms) = postSolution
		{F3E5744F-8F7E-4B29-8284-260AFDA1927B}.Debug|Any CPU.ActiveCfg = Debug|Any CPU
		{F3E5744F-8F7E-4B29-8284-260AFDA1927B}.Debug|Any CPU.Build.0 = Debug|Any CPU
		{F3E5744F-8F7E-4B29-8284-260AFDA1927B}.Release|Any CPU.ActiveCfg = Release|Any CPU
		{F3E5744F-8F7E-4B29-8284-260AFDA1927B}.Release|Any CPU.Build.0 = Release|Any CPU
		{D9AC6B26-0770-4237-865D-FAC44DF10F70}.Debug|Any CPU.ActiveCfg = Debug|Any CPU
		{D9AC6B26-0770-4237-865D-FAC44DF10F70}.Debug|Any CPU.Build.0 = Debug|Any CPU
		{D9AC6B26-0770-4237-865D-FAC44DF10F70}.Release|Any CPU.ActiveCfg = Release|Any CPU
		{D9AC6B26-0770-4237-865D-FAC44DF10F70}.Release|Any CPU.Build.0 = Release|Any CPU
		{73670B4B-8A8E-4FF4-8EDF-5CD97620610F}.Debug|Any CPU.ActiveCfg = Debug|Any CPU
		{73670B4B-8A8E-4FF4-8EDF-5CD97620610F}.Debug|Any CPU.Build.0 = Debug|Any CPU
		{73670B4B-8A8E-4FF4-8EDF-5CD97620610F}.Release|Any CPU.ActiveCfg = Release|Any CPU
		{73670B4B-8A8E-4FF4-8EDF-5CD97620610F}.Release|Any CPU.Build.0 = Release|Any CPU
	EndGlobalSection
	GlobalSection(SolutionProperties) = preSolution
		HideSolutionNode = FALSE
	EndGlobalSection
	GlobalSection(ExtensibilityGlobals) = postSolution
		SolutionGuid = {1E60AEDF-979B-468D-B6DB-A2B3221F470F}
	EndGlobalSection
EndGlobal
